
Microsoft Visual Studio Solution File, Format Version 12.00
Project("{FAE04EC0-301F-11D3-BF4B-00C04F79EFBC}") = "HallowedEngine", "HallowedEngine\HallowedEngine.csproj", "{5273F579-1C62-4632-9539-77DCBC5E4AFF}"
EndProject
Project("{FAE04EC0-301F-11D3-BF4B-00C04F79EFBC}") = "Test", "Test\Test.csproj", "{CF1BC306-D2DD-436F-9583-D0004514BCA9}"
EndProject
Global
	GlobalSection(SolutionConfigurationPlatforms) = preSolution
		Debug|Any CPU = Debug|Any CPU
		Release|Any CPU = Release|Any CPU
	EndGlobalSection
	GlobalSection(ProjectConfigurationPlatforms) = postSolution
		{5273F579-1C62-4632-9539-77DCBC5E4AFF}.Debug|Any CPU.ActiveCfg = Debug|Any CPU
		{5273F579-1C62-4632-9539-77DCBC5E4AFF}.Debug|Any CPU.Build.0 = Debug|Any CPU
		{5273F579-1C62-4632-9539-77DCBC5E4AFF}.Release|Any CPU.ActiveCfg = Release|Any CPU
		{5273F579-1C62-4632-9539-77DCBC5E4AFF}.Release|Any CPU.Build.0 = Release|Any CPU
		{CF1BC306-D2DD-436F-9583-D0004514BCA9}.Debug|Any CPU.ActiveCfg = Debug|Any CPU
		{CF1BC306-D2DD-436F-9583-D0004514BCA9}.Debug|Any CPU.Build.0 = Debug|Any CPU
		{CF1BC306-D2DD-436F-9583-D0004514BCA9}.Release|Any CPU.ActiveCfg = Release|Any CPU
		{CF1BC306-D2DD-436F-9583-D0004514BCA9}.Release|Any CPU.Build.0 = Release|Any CPU
	EndGlobalSection
EndGlobal
